
Microsoft Visual Studio Solution File, Format Version 12.00
# Visual Studio Version 17
VisualStudioVersion = 17.9.34616.47
MinimumVisualStudioVersion = 10.0.40219.1
Project("{8BC9CEB8-8B4A-11D0-8D11-00A0C91BC942}") = "MeldungGenerator", "MeldungGenerator.vcxproj", "{65BFDE7E-CF82-4EA2-985A-C02DE1D6D0BD}"
EndProject
Global
	GlobalSection(SolutionConfigurationPlatforms) = preSolution
		Debug|x64 = Debug|x64
		Debug|x86 = Debug|x86
		Release|x64 = Release|x64
		Release|x86 = Release|x86
	EndGlobalSection
	GlobalSection(ProjectConfigurationPlatforms) = postSolution
		{65BFDE7E-CF82-4EA2-985A-C02DE1D6D0BD}.Debug|x64.ActiveCfg = Debug|x64
		{65BFDE7E-CF82-4EA2-985A-C02DE1D6D0BD}.Debug|x64.Build.0 = Debug|x64
		{65BFDE7E-CF82-4EA2-985A-C02DE1D6D0BD}.Debug|x86.ActiveCfg = Debug|Win32
		{65BFDE7E-CF82-4EA2-985A-C02DE1D6D0BD}.Debug|x86.Build.0 = Debug|Win32
		{65BFDE7E-CF82-4EA2-985A-C02DE1D6D0BD}.Release|x64.ActiveCfg = Release|x64
		{65BFDE7E-CF82-4EA2-985A-C02DE1D6D0BD}.Release|x64.Build.0 = Release|x64
		{65BFDE7E-CF82-4EA2-985A-C02DE1D6D0BD}.Release|x86.ActiveCfg = Release|Win32
		{65BFDE7E-CF82-4EA2-985A-C02DE1D6D0BD}.Release|x86.Build.0 = Release|Win32
	EndGlobalSection
	GlobalSection(SolutionProperties) = preSolution
		HideSolutionNode = FALSE
	EndGlobalSection
	GlobalSection(ExtensibilityGlobals) = postSolution
		SolutionGuid = {3929A47A-C6A7-4B7F-B599-498800A067ED}
	EndGlobalSection
EndGlobal
